
Microsoft Visual Studio Solution File, Format Version 12.00
# Visual Studio Version 17
VisualStudioVersion = 17.5.002.0
MinimumVisualStudioVersion = 10.0.40219.1
Project("{9A19103F-16F7-4668-BE54-9A1E7A4F7556}") = "myfinance-web-netcore", "myfinance-web-netcore\myfinance-web-netcore.csproj", "{614E408C-E298-4C30-8A87-A424AAEF3987}"
EndProject
Global
	GlobalSection(SolutionConfigurationPlatforms) = preSolution
		Debug|Any CPU = Debug|Any CPU
		Release|Any CPU = Release|Any CPU
	EndGlobalSection
	GlobalSection(ProjectConfigurationPlatforms) = postSolution
		{614E408C-E298-4C30-8A87-A424AAEF3987}.Debug|Any CPU.ActiveCfg = Debug|Any CPU
		{614E408C-E298-4C30-8A87-A424AAEF3987}.Debug|Any CPU.Build.0 = Debug|Any CPU
		{614E408C-E298-4C30-8A87-A424AAEF3987}.Release|Any CPU.ActiveCfg = Release|Any CPU
		{614E408C-E298-4C30-8A87-A424AAEF3987}.Release|Any CPU.Build.0 = Release|Any CPU
	EndGlobalSection
	GlobalSection(SolutionProperties) = preSolution
		HideSolutionNode = FALSE
	EndGlobalSection
	GlobalSection(ExtensibilityGlobals) = postSolution
		SolutionGuid = {BC037FF4-2DF6-4451-92F4-1E4FB608E669}
	EndGlobalSection
EndGlobal
